version = 1
revision = 3
requires-python = ">=3.11"

[[package]]
name = "boto3"
version = "1.43.30"
source = { registry = "https://pypi.flatt.tech/simple/" }
dependencies = [
    { name = "botocore" },
    { name = "jmespath" },
    { name = "s3transfer" },
]
sdist = { url = "https://pypi.flatt.tech/files/packages/f7/47/2db3e7c1317019d800a1b4181059656842b8aec69ad578ac01a73eba3b89/boto3-1.43.30.tar.gz", hash = "sha256:6b1ee360f363a457f67a8f5702f522043d8a32d67a97c362ad12075d8b5b531e", size = 113154, upload-time = "2026-06-15T20:32:58.123Z" }
wheels = [
    { url = "https://pypi.flatt.tech/files/packages/31/61/4031fd64c458ab7e01879e6ac8b42e256e37139df551315beafe04e74b57/boto3-1.43.30-py3-none-any.whl", hash = "sha256:89e982463d94773136ccf69be77cccd54ff1ce351a6aadd1d3437fcb693681b5", size = 140534, upload-time = "2026-06-15T20:32:55.646Z" },
]

[[package]]
name = "botocore"
version = "1.43.30"
source = { registry = "https://pypi.flatt.tech/simple/" }
dependencies = [
    { name = "jmespath" },
    { name = "python-dateutil" },
    { name = "urllib3" },
]
sdist = { url = "https://pypi.flatt.tech/files/packages/fb/dd/6df8586de6cc036eec2e491b1a65c489c43d9722929aef407c20b7323329/botocore-1.43.30.tar.gz", hash = "sha256:19ed560cb35ae43bf010d37da429a553c07063bf7efea0f2cb53be8a78d3e3d5", size = 15520608, upload-time = "2026-06-15T20:32:45.439Z" }
wheels = [
    { url = "https://pypi.flatt.tech/files/packages/ce/b0/9343b5007ad24363c63455facfb0859e9765cf245eebffee8233056b9696/botocore-1.43.30-py3-none-any.whl", hash = "sha256:26b1dded84d89b396180916f56900bd2ab1c0d545a66d1d2c3eeb40f772935b2", size = 15205423, upload-time = "2026-06-15T20:32:40.827Z" },
]

[[package]]
name = "duckdb"
version = "1.5.4"
source = { registry = "https://pypi.flatt.tech/simple/" }
sdist = { url = "https://pypi.flatt.tech/files/packages/31/29/9bad86ed7aa812d8c822a27c15c355b6d5423b991feeec86ed18027b6daa/duckdb-1.5.4.tar.gz", hash = "sha256:f9e32f1cdd106793d79d190186bed9e75289d51e68bd9174e47c04bffedeab6f", size = 18046634, upload-time = "2026-06-17T10:48:52.499Z" }
wheels = [
    { url = "https://pypi.flatt.tech/files/packages/56/bb/7921dabd50daef3969f14cd8a5a14c24eee337db7914a462f2defa8add92/duckdb-1.5.4-cp311-cp311-macosx_10_9_universal2.whl", hash = "sha256:3fb41d9cfccb7e44511eeeed263ae98143ca63bdb1ef84631ba637c314efa1b5", size = 32663142, upload-time = "2026-06-17T10:47:45.471Z" },
    { url = "https://pypi.flatt.tech/files/packages/a6/83/2137765eaba6a9aefe3bb9848ddaac7407fe3ba19b292f98b31f3b7ab27f/duckdb-1.5.4-cp311-cp311-macosx_10_9_x86_64.whl", hash = "sha256:8ba7b666bc9c78d6a930ee9f469024149f0c6a23fb7d2c3418aad6774339bec0", size = 17321485, upload-time = "2026-06-17T10:47:47.778Z" },
    { url = "https://pypi.flatt.tech/files/packages/0e/b2/a02c1ee43fd7e8cf1fc2e3d377f3dcf9d4a3e58a4549557516e1866ff0da/duckdb-1.5.4-cp311-cp311-macosx_11_0_arm64.whl", hash = "sha256:9d9e6817fcbc09d2605a2c8c041ac7824d738d917c35a4d427e977647e1d7944", size = 15470820, upload-time = "2026-06-17T10:47:49.977Z" },
    { url = "https://pypi.flatt.tech/files/packages/d8/48/a243d30223b024bc6057abe472b002cff01e97efefb4d2f0b0dcc5aece0b/duckdb-1.5.4-cp311-cp311-manylinux_2_26_aarch64.manylinux_2_28_aarch64.whl", hash = "sha256:02dd9f9a6124069213f13e3a474c208028c472fe1acdae12b38761f954fe4fc6", size = 19341849, upload-time = "2026-06-17T10:47:52.205Z" },
    { url = "https://pypi.flatt.tech/files/packages/08/ff/a5d48de4771e2403a8ef26a20dc7457b1c8f7e398ff0caf9c0cad8805f89/duckdb-1.5.4-cp311-cp311-manylinux_2_26_x86_64.manylinux_2_28_x86_64.whl", hash = "sha256:ccc7f2694d02b4763fee61021d45e12f7bc5743993686563957df0cef799fbae", size = 21451698, upload-time = "2026-06-17T10:47:54.653Z" },
    { url = "https://pypi.flatt.tech/files/packages/79/b8/8244d7741b4afae67775cf0cb0d4eb9e923a83110907e4801e17fa078480/duckdb-1.5.4-cp311-cp311-win_amd64.whl", hash = "sha256:4c430e788d99b50854209bf2833ba36a45df75e57f86efb477046cd408bbd077", size = 13132643, upload-time = "2026-06-17T10:47:56.75Z" },
    { url = "https://pypi.flatt.tech/files/packages/e4/57/8169822a37f6dd7d561c567f9007e3cf04bf97bccb619afe90db849c0962/duckdb-1.5.4-cp311-cp311-win_arm64.whl", hash = "sha256:e2dc8340cfb6006025a798c50f40126d6e945a1d2487be94667bb4166556ce7b", size = 13986386, upload-time = "2026-06-17T10:47:59.345Z" },
    { url = "https://pypi.flatt.tech/files/packages/c8/f2/e2f4b477ae3a3b40e8b5f429832e48edb62ed9da99807cc4902e157e5646/duckdb-1.5.4-cp312-cp312-macosx_10_13_universal2.whl", hash = "sha256:291a9e7502551170af989ff63139a7a49e99d68edbc5ef5017ac27541fe54c65", size = 32708876, upload-time = "2026-06-17T10:48:01.527Z" },
    { url = "https://pypi.flatt.tech/files/packages/2e/2b/b698d82a5e1e30b6a05748d72045f672994c6b22f4f0f8423523608b991f/duckdb-1.5.4-cp312-cp312-macosx_10_13_x86_64.whl", hash = "sha256:83e8c089bbb756ca4471d8b05943b80a106058697cf00615e70423106bb783bc", size = 17346125, upload-time = "2026-06-17T10:48:04.035Z" },
    { url = "https://pypi.flatt.tech/files/packages/71/75/37e13f39268eaf34864453b3a039c4a1ff0b088d3eae45a4289b41c98c1b/duckdb-1.5.4-cp312-cp312-macosx_11_0_arm64.whl", hash = "sha256:ff96d2a342b200e1ec6f1f19986c77f4ac16a49b6112f71c5b763989203a9d60", size = 15488133, upload-time = "2026-06-17T10:48:06.312Z" },
    { url = "https://pypi.flatt.tech/files/packages/cc/59/2d082af578f689231798245b54562c61416e49049b0bda81a06c56a4b53e/duckdb-1.5.4-cp312-cp312-manylinux_2_26_aarch64.manylinux_2_28_aarch64.whl", hash = "sha256:8f935ef210ab00bc94bb1e3052697adaa36bb0ce7bdfeda8b0f34e2ff1643870", size = 19367895, upload-time = "2026-06-17T10:48:08.59Z" },
    { url = "https://pypi.flatt.tech/files/packages/52/2b/55c34d2863a76ca824ef8274691e84240b4ff1acde3d231709e82557c240/duckdb-1.5.4-cp312-cp312-manylinux_2_26_x86_64.manylinux_2_28_x86_64.whl", hash = "sha256:0cda263d8c20addb8d4f95464787cbe0af1144f7ab7e21db3709fb826ee01725", size = 21486499, upload-time = "2026-06-17T10:48:10.963Z" },
    { url = "https://pypi.flatt.tech/files/packages/cf/30/ade5952b8182fac86fab43b95ebe3836e66381d0ad64eb1e54bd8207c988/duckdb-1.5.4-cp312-cp312-win_amd64.whl", hash = "sha256:266c7c909558ce7377f57d082cee408aadebdd9111be017558ca54e44a031037", size = 13147934, upload-time = "2026-06-17T10:48:13.061Z" },
    { url = "https://pypi.flatt.tech/files/packages/f5/00/278f0f70e25b9911afe2fd227b9460f2e6d76177f0dcc03f7f1454afefa5/duckdb-1.5.4-cp312-cp312-win_arm64.whl", hash = "sha256:f14e79a006341f29ee5a2692a24dac5114e77533d579c57ec39124adf0135033", size = 13965235, upload-time = "2026-06-17T10:48:15.782Z" },
    { url = "https://pypi.flatt.tech/files/packages/da/69/3fcb34e523a9bad1f0557a6c7691a71ba66c43a05e5be9ee96a9a841ed65/duckdb-1.5.4-cp313-cp313-macosx_10_13_universal2.whl", hash = "sha256:42a612e67d64450b446eb69695290d460713eef46e0f64467ab9dfe96264ee05", size = 32708366, upload-time = "2026-06-17T10:48:18.084Z" },
    { url = "https://pypi.flatt.tech/files/packages/f5/5f/bff5054c2c1d65decab36aa6296621e51a2a575a9f250db7ab9b83a325d6/duckdb-1.5.4-cp313-cp313-macosx_10_13_x86_64.whl", hash = "sha256:3fb6f07d54ecf4d0d3c5179a2361fdddfafa14de4fc42696de4632479b703421", size = 17345735, upload-time = "2026-06-17T10:48:20.67Z" },
    { url = "https://pypi.flatt.tech/files/packages/93/12/d1b2b344e9699246aada6f9de5156e708fb476e2780e5bff9b5d95fe11d9/duckdb-1.5.4-cp313-cp313-macosx_11_0_arm64.whl", hash = "sha256:0f32ad7e0286c1c29ab6c73b29118c86101f8eee46aae54f54d0b50916f542f6", size = 15488568, upload-time = "2026-06-17T10:48:23.038Z" },
    { url = "https://pypi.flatt.tech/files/packages/c1/d1/ac56c6096e3e95da60b2c5dd5a0f0eb5540a80622e2e4f8faab893ec4e96/duckdb-1.5.4-cp313-cp313-manylinux_2_26_aarch64.manylinux_2_28_aarch64.whl", hash = "sha256:698ec90bd5d5538bd5f6d212a4b61af443d240703cf45f134738535026556ea5", size = 19368184, upload-time = "2026-06-17T10:48:25.601Z" },
    { url = "https://pypi.flatt.tech/files/packages/1e/0b/2ae4c3e157a19d9b4ac1f09a5dea6f93012334cc2db09f1e0c71eb99693d/duckdb-1.5.4-cp313-cp313-manylinux_2_26_x86_64.manylinux_2_28_x86_64.whl", hash = "sha256:136cea7f886b78caf4035485b4b1e766e8b309e999f9e83a966f81ebb8122844", size = 21486523, upload-time = "2026-06-17T10:48:27.817Z" },
    { url = "https://pypi.flatt.tech/files/packages/64/7b/c3d8d21e0d0db8faa81eeeb3a55b9932f5a0a16466cb968dc713a653d701/duckdb-1.5.4-cp313-cp313-win_amd64.whl", hash = "sha256:bd6777e8ddd74fb603a6d09766bfcff28638189f8aaa61fc0dffd9e9a4baa8e5", size = 13147807, upload-time = "2026-06-17T10:48:30.017Z" },
    { url = "https://pypi.flatt.tech/files/packages/44/48/ddf8d3740e3d28582944f70d84e720b5dc28c10ec22b668a0e0bd965f2f2/duckdb-1.5.4-cp313-cp313-win_arm64.whl", hash = "sha256:73f4878a3012283024a64a1909e440aac12091ef336f671fc142f7e87449ce0c", size = 13965189, upload-time = "2026-06-17T10:48:32.251Z" },
    { url = "https://pypi.flatt.tech/files/packages/62/01/67ac4cbc8e552a1e14c029b5c443d828e68f94d5d913c574f577e1db277e/duckdb-1.5.4-cp314-cp314-macosx_10_15_universal2.whl", hash = "sha256:4647968629d0677bbcc2416c7aeda8685eb84e4ca15a6dbd4f82a66cfc91a532", size = 32714364, upload-time = "2026-06-17T10:48:34.724Z" },
    { url = "https://pypi.flatt.tech/files/packages/4e/0e/eb44d983fa56b175f971eea251bde284a36d26cbb93fcb68035061f54078/duckdb-1.5.4-cp314-cp314-macosx_10_15_x86_64.whl", hash = "sha256:e8fcef301cf68d3951ea1eb8ac4d76cea0a6f6a08f4c78fe4026fc96d217bebc", size = 17349820, upload-time = "2026-06-17T10:48:37.126Z" },
    { url = "https://pypi.flatt.tech/files/packages/10/b2/b9dc7624b105d414585b8530451c1162c0b4750c0be9be2e497bb47a8a9b/duckdb-1.5.4-cp314-cp314-macosx_11_0_arm64.whl", hash = "sha256:f6f39cd0dc6948dee17fd130aec55114f97a8ef6e1db519b9774087962bc5c8c", size = 15498160, upload-time = "2026-06-17T10:48:40.032Z" },
    { url = "https://pypi.flatt.tech/files/packages/b7/57/61356444f6a8c62dec3c3d129abfc53f428de1d484093d1bb381db441231/duckdb-1.5.4-cp314-cp314-manylinux_2_26_aarch64.manylinux_2_28_aarch64.whl", hash = "sha256:262f068158beb5943f2c618f4e54b46db8306b959f90dce956f90a89f613673d", size = 19374183, upload-time = "2026-06-17T10:48:42.698Z" },
    { url = "https://pypi.flatt.tech/files/packages/b0/f4/d5d633dd7c5138d8f7c434e6ac2553c831b7fb658494efa8d0bc73df8623/duckdb-1.5.4-cp314-cp314-manylinux_2_26_x86_64.manylinux_2_28_x86_64.whl", hash = "sha256:4d2307a76d199077b0055b354e90e857479461a0d875437535dd4833172c8b6d", size = 21487202, upload-time = "2026-06-17T10:48:45.407Z" },
    { url = "https://pypi.flatt.tech/files/packages/c0/26/5be13bbd5c3421dccfc1ad4ca9da4b97c5a3ddd73f66542092f3167ec52c/duckdb-1.5.4-cp314-cp314-win_amd64.whl", hash = "sha256:6dcbb81a1276bc48deb4d562bce4f8895e4fc6348750a096e30052345c6d6552", size = 13666989, upload-time = "2026-06-17T10:48:47.764Z" },
    { url = "https://pypi.flatt.tech/files/packages/dc/82/4d52f3f9f9703a226b26b80bdae3f6905aeefe5221bf1815fc93ff02ca25/duckdb-1.5.4-cp314-cp314-win_arm64.whl", hash = "sha256:0f8722346024e5d9f02b58bf7b0491a629f97fdc8a04a10e432940f471ee387a", size = 14449863, upload-time = "2026-06-17T10:48:50.18Z" },
]

[[package]]
name = "jmespath"
version = "1.1.0"
source = { registry = "https://pypi.flatt.tech/simple/" }
sdist = { url = "https://pypi.flatt.tech/files/packages/d3/59/322338183ecda247fb5d1763a6cbe46eff7222eaeebafd9fa65d4bf5cb11/jmespath-1.1.0.tar.gz", hash = "sha256:472c87d80f36026ae83c6ddd0f1d05d4e510134ed462851fd5f754c8c3cbb88d", size = 27377, upload-time = "2026-01-22T16:35:26.279Z" }
wheels = [
    { url = "https://pypi.flatt.tech/files/packages/14/2f/967ba146e6d58cf6a652da73885f52fc68001525b4197effc174321d70b4/jmespath-1.1.0-py3-none-any.whl", hash = "sha256:a5663118de4908c91729bea0acadca56526eb2698e83de10cd116ae0f4e97c64", size = 20419, upload-time = "2026-01-22T16:35:24.919Z" },
]

[[package]]
name = "python-dateutil"
version = "2.9.0.post0"
source = { registry = "https://pypi.flatt.tech/simple/" }
dependencies = [
    { name = "six" },
]
sdist = { url = "https://pypi.flatt.tech/files/packages/66/c0/0c8b6ad9f17a802ee498c46e004a0eb49bc148f2fd230864601a86dcf6db/python-dateutil-2.9.0.post0.tar.gz", hash = "sha256:37dd54208da7e1cd875388217d5e00ebd4179249f90fb72437e91a35459a0ad3", size = 342432, upload-time = "2024-03-01T18:36:20.211Z" }
wheels = [
    { url = "https://pypi.flatt.tech/files/packages/ec/57/56b9bcc3c9c6a792fcbaf139543cee77261f3651ca9da0c93f5c1221264b/python_dateutil-2.9.0.post0-py2.py3-none-any.whl", hash = "sha256:a8b2bc7bffae282281c8140a97d3aa9c14da0b136dfe83f850eea9a5f7470427", size = 229892, upload-time = "2024-03-01T18:36:18.57Z" },
]

[[package]]
name = "pytz"
version = "2026.2"
source = { registry = "https://pypi.flatt.tech/simple/" }
sdist = { url = "https://pypi.flatt.tech/files/packages/ff/46/dd499ec9038423421951e4fad73051febaa13d2df82b4064f87af8b8c0c3/pytz-2026.2.tar.gz", hash = "sha256:0e60b47b29f21574376f218fe21abc009894a2321ea16c6754f3cad6eb7cdd6a", size = 320861, upload-time = "2026-05-04T01:35:29.667Z" }
wheels = [
    { url = "https://pypi.flatt.tech/files/packages/ec/dd/96da98f892250475bdf2328112d7468abdd4acc7b902b6af23f4ed958ea0/pytz-2026.2-py2.py3-none-any.whl", hash = "sha256:04156e608bee23d3792fd45c94ae47fae1036688e75032eea2e3bf0323d1f126", size = 510141, upload-time = "2026-05-04T01:35:27.408Z" },
]

[[package]]
name = "report-generator"
version = "0.1.0"
source = { editable = "." }
dependencies = [
    { name = "boto3" },
    { name = "duckdb" },
    { name = "pytz" },
]

[package.dev-dependencies]
dev = [
    { name = "ruff" },
]

[package.metadata]
requires-dist = [
    { name = "boto3", specifier = ">=1.43.30" },
    { name = "duckdb", specifier = ">=1.5.4" },
    { name = "pytz", specifier = ">=2026.2" },
]

[package.metadata.requires-dev]
dev = [{ name = "ruff", specifier = ">=0.15.18" }]

[[package]]
name = "ruff"
version = "0.15.18"
source = { registry = "https://pypi.flatt.tech/simple/" }
sdist = { url = "https://pypi.flatt.tech/files/packages/74/98/1295ad5a5aa9bc85bdcdfa5d82fe7b49c61af5657df4f227637ff9de0da6/ruff-0.15.18.tar.gz", hash = "sha256:2698a964c70e8bf402dcb99c8810472d270d141e7aa8c4e13599fd52033a2f33", size = 4761437, upload-time = "2026-06-18T18:25:39.224Z" }
wheels = [
    { url = "https://pypi.flatt.tech/files/packages/b9/d0/686e984941269621e2be72612d5c1e461f8f7b38415a2a7d7a81c8ae6715/ruff-0.15.18-py3-none-linux_armv6l.whl", hash = "sha256:8b6850172348c8381b8b3084c5915a4393c2373b9b54cd5b5e1ea15812bc10df", size = 10887308, upload-time = "2026-06-18T18:25:03.062Z" },
    { url = "https://pypi.flatt.tech/files/packages/ed/21/bc4123e3f5515ee99f8ce1eb93a14a0628fe4d1678663cd08f933ac16931/ruff-0.15.18-py3-none-macosx_10_12_x86_64.whl", hash = "sha256:3fccc153a85417dcd976883160cacce486997b0a0058dd18f54b8aaaac7d1ce2", size = 11281305, upload-time = "2026-06-18T18:25:30.026Z" },
    { url = "https://pypi.flatt.tech/files/packages/51/93/4769464c25cf7ab2acb3c7dda9cad3d867eb41c59565b3e2a9d17249c90c/ruff-0.15.18-py3-none-macosx_11_0_arm64.whl", hash = "sha256:08d4c86a68f2c3ec2c9d56380a71fb4a4f65373055cbb8caabd645e9102f38d4", size = 10641215, upload-time = "2026-06-18T18:25:15.802Z" },
    { url = "https://pypi.flatt.tech/files/packages/6c/42/56926d17120db2c208d76bf60a1a019644dd9e91dc27f0f95c9caddb1366/ruff-0.15.18-py3-none-manylinux_2_17_aarch64.manylinux2014_aarch64.whl", hash = "sha256:37e5108745c2c0705da916d7d4de533ddf547051ef45f62888c31bae73f66318", size = 10957224, upload-time = "2026-06-18T18:25:36.955Z" },
    { url = "https://pypi.flatt.tech/files/packages/22/4f/d43fab8d8189afde803103022d000a8ef9f230616d436d52a8b2b8d63b50/ruff-0.15.18-py3-none-manylinux_2_17_armv7l.manylinux2014_armv7l.whl", hash = "sha256:56949a6ce8b3abde54c0bcb22cebfe57e8771cadc84b407ae8b8eaf67ebdcd43", size = 10699024, upload-time = "2026-06-18T18:25:05.707Z" },
    { url = "https://pypi.flatt.tech/files/packages/63/42/1e3e4c68bd408b9768cf3e439acbe2c78245225faef253f7028a0cdb63e0/ruff-0.15.18-py3-none-manylinux_2_17_i686.manylinux2014_i686.whl", hash = "sha256:01a754cd6a1b630d3f97e33eb452cf7a98040482318e870f8bc52a5a30e62657", size = 11491458, upload-time = "2026-06-18T18:25:20.275Z" },
    { url = "https://pypi.flatt.tech/files/packages/20/77/47a3484bea8521e14a203d98c389c5c97846675e4f02734672da4a69b52a/ruff-0.15.18-py3-none-manylinux_2_17_ppc64le.manylinux2014_ppc64le.whl", hash = "sha256:6ba7a07e03a44dbf10bb086ee06705b173625014ec99f73a7e6836a5e5590a0c", size = 12383752, upload-time = "2026-06-18T18:25:22.535Z" },
    { url = "https://pypi.flatt.tech/files/packages/0a/ca/054159590787023d83b658a1a1819c4c8910114e7015069340b71c0961cb/ruff-0.15.18-py3-none-manylinux_2_17_s390x.manylinux2014_s390x.whl", hash = "sha256:5a2c40a41a4cadbcf5897b548ab29dfe248b20c540961c0247d98a3973c70403", size = 11577923, upload-time = "2026-06-18T18:25:10.702Z" },
    { url = "https://pypi.flatt.tech/files/packages/6d/ff/d353d6b7bbd73cc0ec37f4463d7540e45e894338abdd9964eee0de332708/ruff-0.15.18-py3-none-manylinux_2_17_x86_64.manylinux2014_x86_64.whl", hash = "sha256:5f0480ce690cbb6c4db6e5d08f19fce98e10ba131a8b60c1bcdac42771e3ae2d", size = 11583925, upload-time = "2026-06-18T18:25:32.391Z" },
    { url = "https://pypi.flatt.tech/files/packages/c1/4a/891f89b9c296ed3e5f3ece1a5629badc989d9a8fdaa30431aaf4774bc1c2/ruff-0.15.18-py3-none-manylinux_2_31_riscv64.whl", hash = "sha256:2330215f1f393fa8733f55edce04fcf94c36a2c460fcde31f78cc84e4951e9b1", size = 11582834, upload-time = "2026-06-18T18:25:27.309Z" },
    { url = "https://pypi.flatt.tech/files/packages/32/a3/ed9e370154bf85de360b93c03026157f02d4943b2d01ff4945f4429f8e8a/ruff-0.15.18-py3-none-musllinux_1_2_aarch64.whl", hash = "sha256:a6aa6a3d979e48ae617578183674bf264fbe7d0114a796a26bd678d67963c7ff", size = 10927328, upload-time = "2026-06-18T18:25:34.676Z" },
    { url = "https://pypi.flatt.tech/files/packages/f5/d1/5cf5909329fedb5d39d555ee818ba5cf4638e1a301b89785d34f2905bfcb/ruff-0.15.18-py3-none-musllinux_1_2_armv7l.whl", hash = "sha256:a81beadbbff2c9c245561ae3f77b16709d87f35eec650d0501679239d3449b22", size = 10693187, upload-time = "2026-06-18T18:25:08.245Z" },
    { url = "https://pypi.flatt.tech/files/packages/fd/44/ff6c635cf2c4f4e7b618b6640da057376baa36014695487d88aed4794268/ruff-0.15.18-py3-none-musllinux_1_2_i686.whl", hash = "sha256:2186d9e940ae332ab293623a75b5f4fe49565f449954d50a72a046683aa6b809", size = 11208721, upload-time = "2026-06-18T18:25:41.327Z" },
    { url = "https://pypi.flatt.tech/files/packages/88/d9/5baa2a30861adfb7022cf33c1e35b2fc18085b08c16f83eff4c7b99a5f48/ruff-0.15.18-py3-none-musllinux_1_2_x86_64.whl", hash = "sha256:5c2abf140438032bc77b2284a6c9944ecd8a19e5f1c7b52b1b8e4a0a80d19a7a", size = 11678599, upload-time = "2026-06-18T18:25:13.607Z" },
    { url = "https://pypi.flatt.tech/files/packages/c3/1a/0725a7cfdc32ff769efb96ee782bec882e16448c5d9e3be947ec4c04ce27/ruff-0.15.18-py3-none-win32.whl", hash = "sha256:02299e6e9fa5b297a3f6d5d10d7bcd655c925b028bb8b9d4588214549c6b9ec4", size = 10901903, upload-time = "2026-06-18T18:25:24.755Z" },
    { url = "https://pypi.flatt.tech/files/packages/f3/51/805d9f6fb7970505c3504794a5ec350f605361b807fef4dcf214ebd35e72/ruff-0.15.18-py3-none-win_amd64.whl", hash = "sha256:dac80dc8d26b2257dbefabed62f5d255c3937b4ccb122da1fc634794fa3578b3", size = 12041189, upload-time = "2026-06-18T18:25:17.915Z" },
    { url = "https://pypi.flatt.tech/files/packages/29/4c/67bb45e41609eb4726f1bfeb59e083cf91d14c696d4bd14c234a980be93d/ruff-0.15.18-py3-none-win_arm64.whl", hash = "sha256:b2c9257fcbd4a3e5b977a1904e6facca016bafe2edc17df24db67cfaee03b4e4", size = 11329958, upload-time = "2026-06-18T18:25:43.686Z" },
]

[[package]]
name = "s3transfer"
version = "0.18.0"
source = { registry = "https://pypi.flatt.tech/simple/" }
dependencies = [
    { name = "botocore" },
]
sdist = { url = "https://pypi.flatt.tech/files/packages/e0/1f/12417f7f493fc45e1f9fd5d4a9b6c125cf8d2cf3f8ddbdfab3e76406e9d6/s3transfer-0.18.0.tar.gz", hash = "sha256:3760b8b7ec1315da54048b2d626276732bee4300d054d492d4e1d43e20d4ecbd", size = 160560, upload-time = "2026-05-28T19:39:09.124Z" }
wheels = [
    { url = "https://pypi.flatt.tech/files/packages/2b/58/a58fc997655386daa2e25784e30c288aa3e3819e401f77029ee4899fb55a/s3transfer-0.18.0-py3-none-any.whl", hash = "sha256:239c13b09e65ad0346e1be7348b8a202dcad44ac7ea7c6eb858fc881dce739b6", size = 88572, upload-time = "2026-05-28T19:39:07.999Z" },
]

[[package]]
name = "six"
version = "1.17.0"
source = { registry = "https://pypi.flatt.tech/simple/" }
sdist = { url = "https://pypi.flatt.tech/files/packages/94/e7/b2c673351809dca68a0e064b6af791aa332cf192da575fd474ed7d6f16a2/six-1.17.0.tar.gz", hash = "sha256:ff70335d468e7eb6ec65b95b99d3a2836546063f63acc5171de367e834932a81", size = 34031, upload-time = "2024-12-04T17:35:28.174Z" }
wheels = [
    { url = "https://pypi.flatt.tech/files/packages/b7/ce/149a00dd41f10bc29e5921b496af8b574d8413afcd5e30dfa0ed46c2cc5e/six-1.17.0-py2.py3-none-any.whl", hash = "sha256:4721f391ed90541fddacab5acf947aa0d3dc7d27b2e1e8eda2be8970586c3274", size = 11050, upload-time = "2024-12-04T17:35:26.475Z" },
]

[[package]]
name = "urllib3"
version = "2.6.3"
source = { registry = "https://pypi.flatt.tech/simple/" }
sdist = { url = "https://pypi.flatt.tech/files/packages/c7/24/5f1b3bdffd70275f6661c76461e25f024d5a38a46f04aaca912426a2b1d3/urllib3-2.6.3.tar.gz", hash = "sha256:1b62b6884944a57dbe321509ab94fd4d3b307075e0c2eae991ac71ee15ad38ed", size = 435556, upload-time = "2026-01-07T16:24:43.925Z" }
wheels = [
    { url = "https://pypi.flatt.tech/files/packages/39/08/aaaad47bc4e9dc8c725e68f9d04865dbcb2052843ff09c97b08904852d84/urllib3-2.6.3-py3-none-any.whl", hash = "sha256:bf272323e553dfb2e87d9bfd225ca7b0f467b919d7bbd355436d3fd37cb0acd4", size = 131584, upload-time = "2026-01-07T16:24:42.685Z" },
]
