version = 1
revision = 3
requires-python = ">=3.11"

[[package]]
name = "boto3"
version = "1.43.30"
source = { registry = "https://pypi.org/simple" }
dependencies = [
    { name = "botocore" },
    { name = "jmespath" },
    { name = "s3transfer" },
]
sdist = { url = "https://files.pythonhosted.org/packages/f7/47/2db3e7c1317019d800a1b4181059656842b8aec69ad578ac01a73eba3b89/boto3-1.43.30.tar.gz", hash = "sha256:6b1ee360f363a457f67a8f5702f522043d8a32d67a97c362ad12075d8b5b531e", size = 113154, upload-time = "2026-06-15T20:32:58.123Z" }
wheels = [
    { url = "https://files.pythonhosted.org/packages/31/61/4031fd64c458ab7e01879e6ac8b42e256e37139df551315beafe04e74b57/boto3-1.43.30-py3-none-any.whl", hash = "sha256:89e982463d94773136ccf69be77cccd54ff1ce351a6aadd1d3437fcb693681b5", size = 140534, upload-time = "2026-06-15T20:32:55.646Z" },
]

[[package]]
name = "botocore"
version = "1.43.30"
source = { registry = "https://pypi.org/simple" }
dependencies = [
    { name = "jmespath" },
    { name = "python-dateutil" },
    { name = "urllib3" },
]
sdist = { url = "https://files.pythonhosted.org/packages/fb/dd/6df8586de6cc036eec2e491b1a65c489c43d9722929aef407c20b7323329/botocore-1.43.30.tar.gz", hash = "sha256:19ed560cb35ae43bf010d37da429a553c07063bf7efea0f2cb53be8a78d3e3d5", size = 15520608, upload-time = "2026-06-15T20:32:45.439Z" }
wheels = [
    { url = "https://files.pythonhosted.org/packages/ce/b0/9343b5007ad24363c63455facfb0859e9765cf245eebffee8233056b9696/botocore-1.43.30-py3-none-any.whl", hash = "sha256:26b1dded84d89b396180916f56900bd2ab1c0d545a66d1d2c3eeb40f772935b2", size = 15205423, upload-time = "2026-06-15T20:32:40.827Z" },
]

[[package]]
name = "duckdb"
version = "1.5.3"
source = { registry = "https://pypi.org/simple" }
sdist = { url = "https://files.pythonhosted.org/packages/69/00/d579dcb2a536b6ea3a2563cdad6844f77d81a9b2d4b22a858097f2468acf/duckdb-1.5.3.tar.gz", hash = "sha256:df39428eb130faa35ae96fd35245bdeae6ecf43936250b116b5fead568eb9f16", size = 18026640, upload-time = "2026-05-20T11:55:31.901Z" }
wheels = [
    { url = "https://files.pythonhosted.org/packages/3c/fc/a8a89c6c73f31c2b58c6abbc2f543e0b736042dd5ef7cc1784c24ec31428/duckdb-1.5.3-cp311-cp311-macosx_10_9_universal2.whl", hash = "sha256:341a2672e2551ba51c95c1898f0ade983e76675e79038ccb16342c3d6cfb82d7", size = 32583465, upload-time = "2026-05-20T11:54:13.132Z" },
    { url = "https://files.pythonhosted.org/packages/63/f1/3423a2f523dd034e505d4a5dd8e210ae577212e152598dc13b6a5e736e1b/duckdb-1.5.3-cp311-cp311-macosx_10_9_x86_64.whl", hash = "sha256:c9e8fa408705081160ede7ead238d16e73a36b8561b700f2bf2d650ae48e7b92", size = 17278520, upload-time = "2026-05-20T11:54:16.368Z" },
    { url = "https://files.pythonhosted.org/packages/e1/1a/7bf5ba1b7ea520557e6b2dbee1c85abab016bdac0c1779d9d0ef76c87300/duckdb-1.5.3-cp311-cp311-macosx_11_0_arm64.whl", hash = "sha256:70a18f932cf6d87bd0e554613657a515c1443a1724aacfc7ec5137dd28698b03", size = 15424794, upload-time = "2026-05-20T11:54:19.891Z" },
    { url = "https://files.pythonhosted.org/packages/ad/16/ce4b1e386e45fab0268edbf1b85bace20e9437589e9edb2bd5f9a226fa44/duckdb-1.5.3-cp311-cp311-manylinux_2_26_aarch64.manylinux_2_28_aarch64.whl", hash = "sha256:e80eb4d0fb59869cb2c7d7ef494c07fb92014fe8e77d96c170cd1ebc1488a708", size = 19306666, upload-time = "2026-05-20T11:54:22.77Z" },
    { url = "https://files.pythonhosted.org/packages/99/1f/651f8453f26931e8061b7e27b3090f868868185814ecb9216d0bd71ec8ef/duckdb-1.5.3-cp311-cp311-manylinux_2_26_x86_64.manylinux_2_28_x86_64.whl", hash = "sha256:3248b49cd835ea322574bc6aac0ae7a83be85547f49d4f5f5777cb380ee6627f", size = 21418306, upload-time = "2026-05-20T11:54:25.616Z" },
    { url = "https://files.pythonhosted.org/packages/bc/64/e1ffebf010b1631a6fef8d1508f46d4eab3e97c18729af986bb796fa8452/duckdb-1.5.3-cp311-cp311-win_amd64.whl", hash = "sha256:f4eff89c12c3a362efa012262e57b7b4ab904a7f79bad9178fe365510077abe8", size = 13101423, upload-time = "2026-05-20T11:54:28.107Z" },
    { url = "https://files.pythonhosted.org/packages/e7/42/b1d4e34f9658cc0e13d7aae581ab82643f50a548d5aee8767f0c587cc3a4/duckdb-1.5.3-cp311-cp311-win_arm64.whl", hash = "sha256:75d13308c9da3ee431d1e72b8ab720aa74a1b3e9159d4124cb62435924496334", size = 13951740, upload-time = "2026-05-20T11:54:30.886Z" },
    { url = "https://files.pythonhosted.org/packages/e7/c4/2e34929b16c8d544ef664fad8f7f3a2a9db05746aae1e7c8c4ee3a8b23e4/duckdb-1.5.3-cp312-cp312-macosx_10_13_universal2.whl", hash = "sha256:ff11a457258148337ef9a392148a8cdbd1069b6c27c21958816c7b67fe6c542d", size = 32626494, upload-time = "2026-05-20T11:54:33.738Z" },
    { url = "https://files.pythonhosted.org/packages/3a/53/3af681793d03771365ae3e2215331151c196a3ac8193f613344840694671/duckdb-1.5.3-cp312-cp312-macosx_10_13_x86_64.whl", hash = "sha256:5fd25f533cb1b6b2c84cc767a9a9bab7769bb1aa44571a2a0bfc91ac3e4a38ac", size = 17301121, upload-time = "2026-05-20T11:54:36.928Z" },
    { url = "https://files.pythonhosted.org/packages/15/e2/c80af1eac2ab5d35fc2c372ef0a84668842e549fbbf7799277b3fccf3e39/duckdb-1.5.3-cp312-cp312-macosx_11_0_arm64.whl", hash = "sha256:10960400ed60cdf0fe05bab2086fa8eb733889cb0ceca18d07ff9a00c0e0be7b", size = 15449283, upload-time = "2026-05-20T11:54:39.777Z" },
    { url = "https://files.pythonhosted.org/packages/2d/9a/c63af233c9f761bf5178a5210437e1bc6bcb30fa8a9073de6398cfb12c03/duckdb-1.5.3-cp312-cp312-manylinux_2_26_aarch64.manylinux_2_28_aarch64.whl", hash = "sha256:c5f18e7561403054433706c187589e86629a7af09a7efc23a06a8b308e6acc68", size = 19332762, upload-time = "2026-05-20T11:54:42.51Z" },
    { url = "https://files.pythonhosted.org/packages/21/cc/2d77af4fff86012f334ef82e6d54a995a86c8745e58074f1218ed7d25171/duckdb-1.5.3-cp312-cp312-manylinux_2_26_x86_64.manylinux_2_28_x86_64.whl", hash = "sha256:9fb7516255a8764545e30f7efacea408cc847764a3027b3b0b3e7d1a7bebbc5c", size = 21453290, upload-time = "2026-05-20T11:54:45.272Z" },
    { url = "https://files.pythonhosted.org/packages/8d/5e/9bc4817a98feb4dab83e56f2245cd3a30d00ee646d4dec7926464e2b3f28/duckdb-1.5.3-cp312-cp312-win_amd64.whl", hash = "sha256:8001eccbc28be244dfd04d708526f34ddd6460b47a8aeb5d0e39d6f7f9e3fe15", size = 13118308, upload-time = "2026-05-20T11:54:48.058Z" },
    { url = "https://files.pythonhosted.org/packages/81/35/e3f32e4e53e2450ddb1db8312a17d1ce455d60cc4941b6ad2cfc908794b0/duckdb-1.5.3-cp312-cp312-win_arm64.whl", hash = "sha256:6d2835e39bb6af73891f73c0f8d4324f98afe00d0b00c6d34b2a582c2256cbb0", size = 13927187, upload-time = "2026-05-20T11:54:50.584Z" },
    { url = "https://files.pythonhosted.org/packages/cc/9c/a528eb09d8be51954c485864bd06753e616939a080cbc3dd4417e8c94a57/duckdb-1.5.3-cp313-cp313-macosx_10_13_universal2.whl", hash = "sha256:e75a6122c12579a99848517f6f00a4e342aebda3590c30fe9b5cc5f39d5e6afc", size = 32626254, upload-time = "2026-05-20T11:54:53.65Z" },
    { url = "https://files.pythonhosted.org/packages/ec/3c/1534c0a6db347c05eb7d0f6ecfb7aefbe74cbff398e4892a8fd1903a20e8/duckdb-1.5.3-cp313-cp313-macosx_10_13_x86_64.whl", hash = "sha256:fd3963c1cb9d9567777f4a898a9dbe388a2fe9724681801b1e7d6d93eecf1b76", size = 17300917, upload-time = "2026-05-20T11:54:56.628Z" },
    { url = "https://files.pythonhosted.org/packages/23/fa/beafb91e6e152d2161c4a9cbc472334c87607eb61ad7104b5a7fa8d8d7b1/duckdb-1.5.3-cp313-cp313-macosx_11_0_arm64.whl", hash = "sha256:3d5db8c0b55e072cf437948ebb5d7e23d7b9d03d905fa5f9145583e65aa447f7", size = 15449411, upload-time = "2026-05-20T11:54:59.089Z" },
    { url = "https://files.pythonhosted.org/packages/50/0a/49b6fe04e2fcd63729eb607dadd44818dde77342a4f5ce086c6c92f1dd4d/duckdb-1.5.3-cp313-cp313-manylinux_2_26_aarch64.manylinux_2_28_aarch64.whl", hash = "sha256:0ce80aed7a538422129a57eaca9141e3afb51f8bf562b1908b1576c9725b5b22", size = 19333120, upload-time = "2026-05-20T11:55:01.727Z" },
    { url = "https://files.pythonhosted.org/packages/63/4c/0907c3f76adb9dd90e67610b31e0304a35814e65c4c41a354a262c09b885/duckdb-1.5.3-cp313-cp313-manylinux_2_26_x86_64.manylinux_2_28_x86_64.whl", hash = "sha256:787df63824f07bf18022dbc3b8ca4b2bfab0ebe616464f55c6e8cd0f59ea762e", size = 21453266, upload-time = "2026-05-20T11:55:04.5Z" },
    { url = "https://files.pythonhosted.org/packages/6d/9c/d2f23a7803ddbbd9413f7572ecf66a15120ed5ced7ce5c73e698c1406b76/duckdb-1.5.3-cp313-cp313-win_amd64.whl", hash = "sha256:bb5bb5dcdd09d62ee60f0ddbbef918e71cce304ffe28428b1131949d39ffaabf", size = 13118640, upload-time = "2026-05-20T11:55:07.389Z" },
    { url = "https://files.pythonhosted.org/packages/27/d5/7ba2316415bcdab6edd765bbbe35c2ca8a3800f2fe695cd70e3cdb997f09/duckdb-1.5.3-cp313-cp313-win_arm64.whl", hash = "sha256:2fa17ecdd5d3db122836cb71bb93601c2106a3be883c17dffddc02fbf3fa7888", size = 13926409, upload-time = "2026-05-20T11:55:10.166Z" },
    { url = "https://files.pythonhosted.org/packages/a5/c2/d4b6f8a5e4d3bc25773be6da76a99d9661ebbf3552c007c460d2dd59dbf8/duckdb-1.5.3-cp314-cp314-macosx_10_15_universal2.whl", hash = "sha256:4bfa9a4dadf71e83e2c4eaca2f9421c82a54defecc1b0b4c0be95e2389dec4fe", size = 32636685, upload-time = "2026-05-20T11:55:13.158Z" },
    { url = "https://files.pythonhosted.org/packages/42/58/e835c8298979d29db7a62cb5acc29e9b57aeaca7cdde2fcd3ac980f5cb18/duckdb-1.5.3-cp314-cp314-macosx_10_15_x86_64.whl", hash = "sha256:aea7baf67ad7e1829ac76f67d7dcbd7fb1f57c3eb179d55ac30952df4709ae30", size = 17308134, upload-time = "2026-05-20T11:55:16.194Z" },
    { url = "https://files.pythonhosted.org/packages/c9/46/617b51363f5613418c8b224b3cce16b58e6dde80904566bec232579c1d4e/duckdb-1.5.3-cp314-cp314-macosx_11_0_arm64.whl", hash = "sha256:0b0b4f088a65d77e1217ce5d7eff889e63fedc44281200d899ff47c84d8ff836", size = 15449891, upload-time = "2026-05-20T11:55:18.687Z" },
    { url = "https://files.pythonhosted.org/packages/b3/72/354146656e8d9ba3853d3a5ee80a481b8c5f70edfc3d5ae80a8c4479c967/duckdb-1.5.3-cp314-cp314-manylinux_2_26_aarch64.manylinux_2_28_aarch64.whl", hash = "sha256:fe8d0c1f6a120aa03fa6e0d03897c71a1842e6cf7afd31d181348391f7108fe1", size = 19338499, upload-time = "2026-05-20T11:55:21.34Z" },
    { url = "https://files.pythonhosted.org/packages/56/8f/65fc623b51448f2bfba1a9ec6ab3debb4664c0876c0113a5e782600b53ac/duckdb-1.5.3-cp314-cp314-manylinux_2_26_x86_64.manylinux_2_28_x86_64.whl", hash = "sha256:d0405eae18ec6e8210a471c97dbfe87a7e4d605274b7fe572a1f276e92158f13", size = 21455828, upload-time = "2026-05-20T11:55:23.847Z" },
    { url = "https://files.pythonhosted.org/packages/2b/db/d0274cbe9f5fe219f77c0bdf900ac77103569e83c102a4225ce04cbc607d/duckdb-1.5.3-cp314-cp314-win_amd64.whl", hash = "sha256:33ae08b3e818d7613d8936744b67718c2062c2f530376895bfd89efb51b81538", size = 13640011, upload-time = "2026-05-20T11:55:26.276Z" },
    { url = "https://files.pythonhosted.org/packages/07/5d/8f1899b8bef291caf953992fcd6c24df9f29387a35645e58c2504a5ca473/duckdb-1.5.3-cp314-cp314-win_arm64.whl", hash = "sha256:746433e49bbc667b4df283153415fbe37e9083e0eff6c3cd6e54de7536869cd4", size = 14411554, upload-time = "2026-05-20T11:55:29.037Z" },
]

[[package]]
name = "jmespath"
version = "1.1.0"
source = { registry = "https://pypi.org/simple" }
sdist = { url = "https://files.pythonhosted.org/packages/d3/59/322338183ecda247fb5d1763a6cbe46eff7222eaeebafd9fa65d4bf5cb11/jmespath-1.1.0.tar.gz", hash = "sha256:472c87d80f36026ae83c6ddd0f1d05d4e510134ed462851fd5f754c8c3cbb88d", size = 27377, upload-time = "2026-01-22T16:35:26.279Z" }
wheels = [
    { url = "https://files.pythonhosted.org/packages/14/2f/967ba146e6d58cf6a652da73885f52fc68001525b4197effc174321d70b4/jmespath-1.1.0-py3-none-any.whl", hash = "sha256:a5663118de4908c91729bea0acadca56526eb2698e83de10cd116ae0f4e97c64", size = 20419, upload-time = "2026-01-22T16:35:24.919Z" },
]

[[package]]
name = "python-dateutil"
version = "2.9.0.post0"
source = { registry = "https://pypi.org/simple" }
dependencies = [
    { name = "six" },
]
sdist = { url = "https://files.pythonhosted.org/packages/66/c0/0c8b6ad9f17a802ee498c46e004a0eb49bc148f2fd230864601a86dcf6db/python-dateutil-2.9.0.post0.tar.gz", hash = "sha256:37dd54208da7e1cd875388217d5e00ebd4179249f90fb72437e91a35459a0ad3", size = 342432, upload-time = "2024-03-01T18:36:20.211Z" }
wheels = [
    { url = "https://files.pythonhosted.org/packages/ec/57/56b9bcc3c9c6a792fcbaf139543cee77261f3651ca9da0c93f5c1221264b/python_dateutil-2.9.0.post0-py2.py3-none-any.whl", hash = "sha256:a8b2bc7bffae282281c8140a97d3aa9c14da0b136dfe83f850eea9a5f7470427", size = 229892, upload-time = "2024-03-01T18:36:18.57Z" },
]

[[package]]
name = "pytz"
version = "2026.2"
source = { registry = "https://pypi.org/simple" }
sdist = { url = "https://files.pythonhosted.org/packages/ff/46/dd499ec9038423421951e4fad73051febaa13d2df82b4064f87af8b8c0c3/pytz-2026.2.tar.gz", hash = "sha256:0e60b47b29f21574376f218fe21abc009894a2321ea16c6754f3cad6eb7cdd6a", size = 320861, upload-time = "2026-05-04T01:35:29.667Z" }
wheels = [
    { url = "https://files.pythonhosted.org/packages/ec/dd/96da98f892250475bdf2328112d7468abdd4acc7b902b6af23f4ed958ea0/pytz-2026.2-py2.py3-none-any.whl", hash = "sha256:04156e608bee23d3792fd45c94ae47fae1036688e75032eea2e3bf0323d1f126", size = 510141, upload-time = "2026-05-04T01:35:27.408Z" },
]

[[package]]
name = "report-generator"
version = "0.1.0"
source = { editable = "." }
dependencies = [
    { name = "boto3" },
    { name = "duckdb" },
    { name = "pytz" },
]

[package.dev-dependencies]
dev = [
    { name = "ruff" },
]

[package.metadata]
requires-dist = [
    { name = "boto3", specifier = ">=1.43.30" },
    { name = "duckdb", specifier = ">=1.5.3" },
    { name = "pytz", specifier = ">=2026.2" },
]

[package.metadata.requires-dev]
dev = [{ name = "ruff", specifier = ">=0.15.17" }]

[[package]]
name = "ruff"
version = "0.15.17"
source = { registry = "https://pypi.org/simple" }
sdist = { url = "https://files.pythonhosted.org/packages/8c/a9/3abdf488f1bf3d24c699415e454ed554a6350d5d89ce183be1ee0a3361ac/ruff-0.15.17.tar.gz", hash = "sha256:2ec446937fd16c8c4de2674a209cc5af64d9c6f17d21fbf1151054fa0bcf5219", size = 4743346, upload-time = "2026-06-11T17:54:47.663Z" }
wheels = [
    { url = "https://files.pythonhosted.org/packages/db/4d/e11259f5da07cb6afb2d074c31bf09da9671993f7329d4f15d2fdc458301/ruff-0.15.17-py3-none-linux_armv6l.whl", hash = "sha256:d9feddb927fc68bd295f5eebc587a7e42cfaf9b65f60ca4a2386febff575da8f", size = 10856677, upload-time = "2026-06-11T17:54:49.533Z" },
    { url = "https://files.pythonhosted.org/packages/29/3e/772d679e1a0dc058e58875bd2c0cb713a0530877b4a76fee3c7966df0d49/ruff-0.15.17-py3-none-macosx_10_12_x86_64.whl", hash = "sha256:25805a226d741c47d274a35ad5c10a7dde175fcddfa511d7cf3da0a21eb3eab7", size = 11223443, upload-time = "2026-06-11T17:55:00.573Z" },
    { url = "https://files.pythonhosted.org/packages/68/58/bd41f7688b2fd5623012605130ed70e60aa7f2244baa3d5066bdd61530c8/ruff-0.15.17-py3-none-macosx_11_0_arm64.whl", hash = "sha256:f6ad73b14c2d18a3bf8ad7cb6974294d7f613a7898604826058e6ac64918ef4d", size = 10566458, upload-time = "2026-06-11T17:55:07.52Z" },
    { url = "https://files.pythonhosted.org/packages/d8/5b/733371013fcf1ec339e477ece6ab42bfe10bdd9bba8ee88a9516aa56bfc0/ruff-0.15.17-py3-none-manylinux_2_17_aarch64.manylinux2014_aarch64.whl", hash = "sha256:6ba0c1e4f95bcb3869d0d30cbd5917071ef2e28665abfec970cdab0492c713ed", size = 10914483, upload-time = "2026-06-11T17:55:05.501Z" },
    { url = "https://files.pythonhosted.org/packages/bd/cc/6f24251cc0252f7239391ccb85833f320efad14ebe5b443943f37ced6332/ruff-0.15.17-py3-none-manylinux_2_17_armv7l.manylinux2014_armv7l.whl", hash = "sha256:81647960f10bff57d2e51cadd0c3950fe598400c852863a038720ef5b8cca91e", size = 10647497, upload-time = "2026-06-11T17:54:57.733Z" },
    { url = "https://files.pythonhosted.org/packages/68/dd/0d10c17ce1a1624d6fc3156309c3f834fdb5dfaad026ec90c85684f3990e/ruff-0.15.17-py3-none-manylinux_2_17_i686.manylinux2014_i686.whl", hash = "sha256:0e01a84ddbc8c16c23055ba3924476850f1bbc1917cebbb9376665a63e74260d", size = 11416967, upload-time = "2026-06-11T17:54:51.461Z" },
    { url = "https://files.pythonhosted.org/packages/2f/91/556bfb156f6144f355e831c23db00b2fc4120f86b3ce81cc5f7fd2df51f3/ruff-0.15.17-py3-none-manylinux_2_17_ppc64le.manylinux2014_ppc64le.whl", hash = "sha256:84fe9f653152f8f294f9f7e03bf3a453d8b4a27f7a59c78c8666167f2b17b96c", size = 12335770, upload-time = "2026-06-11T17:54:45.793Z" },
    { url = "https://files.pythonhosted.org/packages/88/82/8b5999aa13355e926f06d9f42a32dcca862f623bf0363785ff89d607dffd/ruff-0.15.17-py3-none-manylinux_2_17_s390x.manylinux2014_s390x.whl", hash = "sha256:8c0fe88a7676e7a05b73174d4d4a59cb2ac21ff8263583f87a81a6018475a978", size = 11575441, upload-time = "2026-06-11T17:54:32.661Z" },
    { url = "https://files.pythonhosted.org/packages/11/93/f10377bb04109ca0e8cbc483ff1982c54b6d418210041776f93e8cdc7fa9/ruff-0.15.17-py3-none-manylinux_2_17_x86_64.manylinux2014_x86_64.whl", hash = "sha256:ecfc3c7878fff94633ab0348524e093f9ce3243080416dd7d14f8ba400174719", size = 11557614, upload-time = "2026-06-11T17:54:34.698Z" },
    { url = "https://files.pythonhosted.org/packages/c7/a6/eeeae7f7d5493df41649ab3db92f086b2d0a30199e4efdf8e3dd7a033f24/ruff-0.15.17-py3-none-manylinux_2_31_riscv64.whl", hash = "sha256:b8461180b22420b1bdc289909410930761629fddf2a5aaf60fae1ab26cedc4c4", size = 11544450, upload-time = "2026-06-11T17:54:39.042Z" },
    { url = "https://files.pythonhosted.org/packages/32/88/5991ce565129a24dd4a00db1254b3b5db2e53018cbe4018ea5a89738e727/ruff-0.15.17-py3-none-musllinux_1_2_aarch64.whl", hash = "sha256:6eccbe50a038b503e7140b441aa9c7fc8c1f36edf23ebef9f4165c2f28f568b7", size = 10892524, upload-time = "2026-06-11T17:55:09.432Z" },
    { url = "https://files.pythonhosted.org/packages/f5/1d/0fdd248313425f55223968af04b0a42125466a8d88d21c1d99c6af0a51e8/ruff-0.15.17-py3-none-musllinux_1_2_armv7l.whl", hash = "sha256:382fc0521025f5a8ad447d8bdd523545d0d7646adb718eb1c2dac5065ec27c0f", size = 10659573, upload-time = "2026-06-11T17:54:36.824Z" },
    { url = "https://files.pythonhosted.org/packages/9e/0e/072e8260deb9461062ce9311ced27a8e541229a6ffd483013dd37661e43e/ruff-0.15.17-py3-none-musllinux_1_2_i686.whl", hash = "sha256:456d41fcd1b2777ad63f09a6e7121d43f7b688bbc76a800c10f7f8fb1f912c3f", size = 11127818, upload-time = "2026-06-11T17:55:03.124Z" },
    { url = "https://files.pythonhosted.org/packages/ab/b4/55060a34163121498014696b5f656db5b8c6963768f227dbf0d76b311073/ruff-0.15.17-py3-none-musllinux_1_2_x86_64.whl", hash = "sha256:b1a04bcc94ae6194e9db05d16ad31f298a7194bfbcb08258bbe589cee1d587b8", size = 11655901, upload-time = "2026-06-11T17:54:53.562Z" },
    { url = "https://files.pythonhosted.org/packages/49/71/9b29d6b87cef468d697f43c6a91e3fae4a80185779d7d5a4ef27d173439f/ruff-0.15.17-py3-none-win32.whl", hash = "sha256:596065960ab1ff593f744220c9fe6580eda00a95003cffa9f4048bb5b1bf0392", size = 10925574, upload-time = "2026-06-11T17:54:55.723Z" },
    { url = "https://files.pythonhosted.org/packages/3d/b2/8fc77f3723228836fa5d12497eb71c808f83782e10d058d2b15cfa14640b/ruff-0.15.17-py3-none-win_amd64.whl", hash = "sha256:6769e5fa1710b179b92e0bfa5a51735b35baea9013dadb06d5f44cbcf9547084", size = 12058788, upload-time = "2026-06-11T17:54:41.042Z" },
    { url = "https://files.pythonhosted.org/packages/2d/c7/c53e8dbff9c9dc4b7928773421ae294a5d28fcb8dcda1a089579d3a7e510/ruff-0.15.17-py3-none-win_arm64.whl", hash = "sha256:f3be1fbb34bcdfd146240d8fb92a709d4c2c8191348580a3c044ec60fa0b4456", size = 11355275, upload-time = "2026-06-11T17:54:43.635Z" },
]

[[package]]
name = "s3transfer"
version = "0.18.0"
source = { registry = "https://pypi.org/simple" }
dependencies = [
    { name = "botocore" },
]
sdist = { url = "https://files.pythonhosted.org/packages/e0/1f/12417f7f493fc45e1f9fd5d4a9b6c125cf8d2cf3f8ddbdfab3e76406e9d6/s3transfer-0.18.0.tar.gz", hash = "sha256:3760b8b7ec1315da54048b2d626276732bee4300d054d492d4e1d43e20d4ecbd", size = 160560, upload-time = "2026-05-28T19:39:09.124Z" }
wheels = [
    { url = "https://files.pythonhosted.org/packages/2b/58/a58fc997655386daa2e25784e30c288aa3e3819e401f77029ee4899fb55a/s3transfer-0.18.0-py3-none-any.whl", hash = "sha256:239c13b09e65ad0346e1be7348b8a202dcad44ac7ea7c6eb858fc881dce739b6", size = 88572, upload-time = "2026-05-28T19:39:07.999Z" },
]

[[package]]
name = "six"
version = "1.17.0"
source = { registry = "https://pypi.org/simple" }
sdist = { url = "https://files.pythonhosted.org/packages/94/e7/b2c673351809dca68a0e064b6af791aa332cf192da575fd474ed7d6f16a2/six-1.17.0.tar.gz", hash = "sha256:ff70335d468e7eb6ec65b95b99d3a2836546063f63acc5171de367e834932a81", size = 34031, upload-time = "2024-12-04T17:35:28.174Z" }
wheels = [
    { url = "https://files.pythonhosted.org/packages/b7/ce/149a00dd41f10bc29e5921b496af8b574d8413afcd5e30dfa0ed46c2cc5e/six-1.17.0-py2.py3-none-any.whl", hash = "sha256:4721f391ed90541fddacab5acf947aa0d3dc7d27b2e1e8eda2be8970586c3274", size = 11050, upload-time = "2024-12-04T17:35:26.475Z" },
]

[[package]]
name = "urllib3"
version = "2.6.3"
source = { registry = "https://pypi.org/simple" }
sdist = { url = "https://files.pythonhosted.org/packages/c7/24/5f1b3bdffd70275f6661c76461e25f024d5a38a46f04aaca912426a2b1d3/urllib3-2.6.3.tar.gz", hash = "sha256:1b62b6884944a57dbe321509ab94fd4d3b307075e0c2eae991ac71ee15ad38ed", size = 435556, upload-time = "2026-01-07T16:24:43.925Z" }
wheels = [
    { url = "https://files.pythonhosted.org/packages/39/08/aaaad47bc4e9dc8c725e68f9d04865dbcb2052843ff09c97b08904852d84/urllib3-2.6.3-py3-none-any.whl", hash = "sha256:bf272323e553dfb2e87d9bfd225ca7b0f467b919d7bbd355436d3fd37cb0acd4", size = 131584, upload-time = "2026-01-07T16:24:42.685Z" },
]
